
Microsoft Visual Studio Solution File, Format Version 12.00
# Visual Studio Version 17
VisualStudioVersion = 17.9.34622.214
MinimumVisualStudioVersion = 10.0.40219.1
Project("{FAE04EC0-301F-11D3-BF4B-00C04F79EFBC}") = "CompositeSample", "CompositeSample.csproj", "{0D05A8B5-372B-42F0-9F32-1978387D3861}"
EndProject
Global
	GlobalSection(SolutionConfigurationPlatforms) = preSolution
		Debug|Any CPU = Debug|Any CPU
		Release|Any CPU = Release|Any CPU
	EndGlobalSection
	GlobalSection(ProjectConfigurationPlatforms) = postSolution
		{0D05A8B5-372B-42F0-9F32-1978387D3861}.Debug|Any CPU.ActiveCfg = Debug|Any CPU
		{0D05A8B5-372B-42F0-9F32-1978387D3861}.Debug|Any CPU.Build.0 = Debug|Any CPU
		{0D05A8B5-372B-42F0-9F32-1978387D3861}.Release|Any CPU.ActiveCfg = Release|Any CPU
		{0D05A8B5-372B-42F0-9F32-1978387D3861}.Release|Any CPU.Build.0 = Release|Any CPU
	EndGlobalSection
	GlobalSection(SolutionProperties) = preSolution
		HideSolutionNode = FALSE
	EndGlobalSection
	GlobalSection(ExtensibilityGlobals) = postSolution
		SolutionGuid = {4CE46977-49B7-49C5-AC64-572FDC5FDECE}
	EndGlobalSection
EndGlobal
