
Microsoft Visual Studio Solution File, Format Version 12.00
# Visual Studio Version 17
VisualStudioVersion = 17.9.34622.214
MinimumVisualStudioVersion = 10.0.40219.1
Project("{FAE04EC0-301F-11D3-BF4B-00C04F79EFBC}") = "AdapterPattern", "AdapterPattern\AdapterPattern.csproj", "{A7C0B93A-0ADC-4093-BC6E-34D3BA1FBE8C}"
EndProject
Global
	GlobalSection(SolutionConfigurationPlatforms) = preSolution
		Debug|Any CPU = Debug|Any CPU
		Release|Any CPU = Release|Any CPU
	EndGlobalSection
	GlobalSection(ProjectConfigurationPlatforms) = postSolution
		{A7C0B93A-0ADC-4093-BC6E-34D3BA1FBE8C}.Debug|Any CPU.ActiveCfg = Debug|Any CPU
		{A7C0B93A-0ADC-4093-BC6E-34D3BA1FBE8C}.Debug|Any CPU.Build.0 = Debug|Any CPU
		{A7C0B93A-0ADC-4093-BC6E-34D3BA1FBE8C}.Release|Any CPU.ActiveCfg = Release|Any CPU
		{A7C0B93A-0ADC-4093-BC6E-34D3BA1FBE8C}.Release|Any CPU.Build.0 = Release|Any CPU
	EndGlobalSection
	GlobalSection(SolutionProperties) = preSolution
		HideSolutionNode = FALSE
	EndGlobalSection
	GlobalSection(ExtensibilityGlobals) = postSolution
		SolutionGuid = {F47FD935-3469-457E-AC2C-2E32F9466026}
	EndGlobalSection
EndGlobal
