
Microsoft Visual Studio Solution File, Format Version 12.00
# Visual Studio Version 17
VisualStudioVersion = 17.9.34622.214
MinimumVisualStudioVersion = 10.0.40219.1
Project("{FAE04EC0-301F-11D3-BF4B-00C04F79EFBC}") = "MementoSample", "MementoSample.csproj", "{DB96EAC6-316F-48D2-88B3-E5A66301D12B}"
EndProject
Global
	GlobalSection(SolutionConfigurationPlatforms) = preSolution
		Debug|Any CPU = Debug|Any CPU
		Release|Any CPU = Release|Any CPU
	EndGlobalSection
	GlobalSection(ProjectConfigurationPlatforms) = postSolution
		{DB96EAC6-316F-48D2-88B3-E5A66301D12B}.Debug|Any CPU.ActiveCfg = Debug|Any CPU
		{DB96EAC6-316F-48D2-88B3-E5A66301D12B}.Debug|Any CPU.Build.0 = Debug|Any CPU
		{DB96EAC6-316F-48D2-88B3-E5A66301D12B}.Release|Any CPU.ActiveCfg = Release|Any CPU
		{DB96EAC6-316F-48D2-88B3-E5A66301D12B}.Release|Any CPU.Build.0 = Release|Any CPU
	EndGlobalSection
	GlobalSection(SolutionProperties) = preSolution
		HideSolutionNode = FALSE
	EndGlobalSection
	GlobalSection(ExtensibilityGlobals) = postSolution
		SolutionGuid = {E0DA87C5-3E11-4A0C-B89D-6FB2CE0DF611}
	EndGlobalSection
EndGlobal
